
Microsoft Visual Studio Solution File, Format Version 12.00
# Visual Studio Version 16
VisualStudioVersion = 16.0.30503.244
MinimumVisualStudioVersion = 10.0.40219.1
Project("{FAE04EC0-301F-11D3-BF4B-00C04F79EFBC}") = "Archive.CDManagement.Api", "Archive.CDManagement.Api\Archive.CDManagement.Api.csproj", "{1143DCD3-19B3-467D-8445-CBB993AD7115}"
EndProject
Global
	GlobalSection(SolutionConfigurationPlatforms) = preSolution
		Debug|Any CPU = Debug|Any CPU
		Release|Any CPU = Release|Any CPU
	EndGlobalSection
	GlobalSection(ProjectConfigurationPlatforms) = postSolution
		{1143DCD3-19B3-467D-8445-CBB993AD7115}.Debug|Any CPU.ActiveCfg = Debug|Any CPU
		{1143DCD3-19B3-467D-8445-CBB993AD7115}.Debug|Any CPU.Build.0 = Debug|Any CPU
		{1143DCD3-19B3-467D-8445-CBB993AD7115}.Release|Any CPU.ActiveCfg = Release|Any CPU
		{1143DCD3-19B3-467D-8445-CBB993AD7115}.Release|Any CPU.Build.0 = Release|Any CPU
	EndGlobalSection
	GlobalSection(SolutionProperties) = preSolution
		HideSolutionNode = FALSE
	EndGlobalSection
	GlobalSection(ExtensibilityGlobals) = postSolution
		SolutionGuid = {55A85A31-93EE-4F42-9C30-4DCF68038CEE}
	EndGlobalSection
EndGlobal
